
Microsoft Visual Studio Solution File, Format Version 12.00
# Visual Studio Version 17
VisualStudioVersion = 17.5.33414.496
MinimumVisualStudioVersion = 10.0.40219.1
Project("{FAE04EC0-301F-11D3-BF4B-00C04F79EFBC}") = "BlogDataLibrary", "BlogDataLibrary\BlogDataLibrary.csproj", "{706310F6-0F62-4B0D-A497-C5095919438D}"
EndProject
Project("{00D1A9C2-B5F0-4AF3-8072-F6C62B433612}") = "PagaduanBlogDB", "PagaduanBlogDB\PagaduanBlogDB.sqlproj", "{3E44C951-A8B5-4FD1-B80B-DCC513A3ECA7}"
EndProject
Project("{FAE04EC0-301F-11D3-BF4B-00C04F79EFBC}") = "BlogTestUI", "BlogTestUI\BlogTestUI.csproj", "{B01752BE-0233-4537-B198-1597F2F9DFCE}"
EndProject
Global
	GlobalSection(SolutionConfigurationPlatforms) = preSolution
		Debug|Any CPU = Debug|Any CPU
		Release|Any CPU = Release|Any CPU
	EndGlobalSection
	GlobalSection(ProjectConfigurationPlatforms) = postSolution
		{706310F6-0F62-4B0D-A497-C5095919438D}.Debug|Any CPU.ActiveCfg = Debug|Any CPU
		{706310F6-0F62-4B0D-A497-C5095919438D}.Debug|Any CPU.Build.0 = Debug|Any CPU
		{706310F6-0F62-4B0D-A497-C5095919438D}.Release|Any CPU.ActiveCfg = Release|Any CPU
		{706310F6-0F62-4B0D-A497-C5095919438D}.Release|Any CPU.Build.0 = Release|Any CPU
		{3E44C951-A8B5-4FD1-B80B-DCC513A3ECA7}.Debug|Any CPU.ActiveCfg = Debug|Any CPU
		{3E44C951-A8B5-4FD1-B80B-DCC513A3ECA7}.Debug|Any CPU.Build.0 = Debug|Any CPU
		{3E44C951-A8B5-4FD1-B80B-DCC513A3ECA7}.Debug|Any CPU.Deploy.0 = Debug|Any CPU
		{3E44C951-A8B5-4FD1-B80B-DCC513A3ECA7}.Release|Any CPU.ActiveCfg = Release|Any CPU
		{3E44C951-A8B5-4FD1-B80B-DCC513A3ECA7}.Release|Any CPU.Build.0 = Release|Any CPU
		{3E44C951-A8B5-4FD1-B80B-DCC513A3ECA7}.Release|Any CPU.Deploy.0 = Release|Any CPU
		{B01752BE-0233-4537-B198-1597F2F9DFCE}.Debug|Any CPU.ActiveCfg = Debug|Any CPU
		{B01752BE-0233-4537-B198-1597F2F9DFCE}.Debug|Any CPU.Build.0 = Debug|Any CPU
		{B01752BE-0233-4537-B198-1597F2F9DFCE}.Release|Any CPU.ActiveCfg = Release|Any CPU
		{B01752BE-0233-4537-B198-1597F2F9DFCE}.Release|Any CPU.Build.0 = Release|Any CPU
	EndGlobalSection
	GlobalSection(SolutionProperties) = preSolution
		HideSolutionNode = FALSE
	EndGlobalSection
	GlobalSection(ExtensibilityGlobals) = postSolution
		SolutionGuid = {66B5099A-7B6A-4F29-98A5-8C4537F8AF1D}
	EndGlobalSection
EndGlobal
